
Microsoft Visual Studio Solution File, Format Version 12.00
# Visual Studio Version 17
VisualStudioVersion = 17.4.33122.133
MinimumVisualStudioVersion = 10.0.40219.1
Project("{9A19103F-16F7-4668-BE54-9A1E7A4F7556}") = "EFLesson1", "EFLesson1\EFLesson1.csproj", "{FAE0882F-6547-46E4-8DC7-4B8AEAB083E0}"
EndProject
Project("{9A19103F-16F7-4668-BE54-9A1E7A4F7556}") = "EF_Ex2", "EF_Ex2\EF_Ex2.csproj", "{D8C0EC2E-086F-4F86-B88C-E7D4DCDC2B50}"
EndProject
Project("{FAE04EC0-301F-11D3-BF4B-00C04F79EFBC}") = "EF_Ex3", "EF_Ex3\EF_Ex3.csproj", "{E32949BB-34E5-4B48-9443-36D17CFED838}"
EndProject
Global
	GlobalSection(SolutionConfigurationPlatforms) = preSolution
		Debug|Any CPU = Debug|Any CPU
		Release|Any CPU = Release|Any CPU
	EndGlobalSection
	GlobalSection(ProjectConfigurationPlatforms) = postSolution
		{FAE0882F-6547-46E4-8DC7-4B8AEAB083E0}.Debug|Any CPU.ActiveCfg = Debug|Any CPU
		{FAE0882F-6547-46E4-8DC7-4B8AEAB083E0}.Debug|Any CPU.Build.0 = Debug|Any CPU
		{FAE0882F-6547-46E4-8DC7-4B8AEAB083E0}.Release|Any CPU.ActiveCfg = Release|Any CPU
		{FAE0882F-6547-46E4-8DC7-4B8AEAB083E0}.Release|Any CPU.Build.0 = Release|Any CPU
		{D8C0EC2E-086F-4F86-B88C-E7D4DCDC2B50}.Debug|Any CPU.ActiveCfg = Debug|Any CPU
		{D8C0EC2E-086F-4F86-B88C-E7D4DCDC2B50}.Debug|Any CPU.Build.0 = Debug|Any CPU
		{D8C0EC2E-086F-4F86-B88C-E7D4DCDC2B50}.Release|Any CPU.ActiveCfg = Release|Any CPU
		{D8C0EC2E-086F-4F86-B88C-E7D4DCDC2B50}.Release|Any CPU.Build.0 = Release|Any CPU
		{E32949BB-34E5-4B48-9443-36D17CFED838}.Debug|Any CPU.ActiveCfg = Debug|Any CPU
		{E32949BB-34E5-4B48-9443-36D17CFED838}.Debug|Any CPU.Build.0 = Debug|Any CPU
		{E32949BB-34E5-4B48-9443-36D17CFED838}.Release|Any CPU.ActiveCfg = Release|Any CPU
		{E32949BB-34E5-4B48-9443-36D17CFED838}.Release|Any CPU.Build.0 = Release|Any CPU
	EndGlobalSection
	GlobalSection(SolutionProperties) = preSolution
		HideSolutionNode = FALSE
	EndGlobalSection
	GlobalSection(ExtensibilityGlobals) = postSolution
		SolutionGuid = {B2725CD8-27A8-49ED-9368-46F10991BB10}
	EndGlobalSection
EndGlobal
